
Microsoft Visual Studio Solution File, Format Version 12.00
# Visual Studio 2013
VisualStudioVersion = 12.0.31101.0
MinimumVisualStudioVersion = 10.0.40219.1
Project("{FAE04EC0-301F-11D3-BF4B-00C04F79EFBC}") = "SoundCloud.Desktop", "SoundCloud.Desktop\SoundCloud.Desktop.csproj", "{D37308D2-A771-42A2-9C25-4AD894E4734F}"
EndProject
Project("{FAE04EC0-301F-11D3-BF4B-00C04F79EFBC}") = "Test", "Test\Test.csproj", "{EC0F2EA9-0C23-4D32-9D39-2EC4EA387AEF}"
EndProject
Project("{FAE04EC0-301F-11D3-BF4B-00C04F79EFBC}") = "Streamer", "Streamer\Streamer.csproj", "{F286E5AE-D398-4C13-914E-5891E84EA276}"
EndProject
Global
	GlobalSection(SolutionConfigurationPlatforms) = preSolution
		Debug|Any CPU = Debug|Any CPU
		Debug|x64 = Debug|x64
		Release|Any CPU = Release|Any CPU
		Release|x64 = Release|x64
	EndGlobalSection
	GlobalSection(ProjectConfigurationPlatforms) = postSolution
		{D37308D2-A771-42A2-9C25-4AD894E4734F}.Debug|Any CPU.ActiveCfg = Debug|Any CPU
		{D37308D2-A771-42A2-9C25-4AD894E4734F}.Debug|Any CPU.Build.0 = Debug|Any CPU
		{D37308D2-A771-42A2-9C25-4AD894E4734F}.Debug|x64.ActiveCfg = Debug|x64
		{D37308D2-A771-42A2-9C25-4AD894E4734F}.Debug|x64.Build.0 = Debug|x64
		{D37308D2-A771-42A2-9C25-4AD894E4734F}.Release|Any CPU.ActiveCfg = Release|Any CPU
		{D37308D2-A771-42A2-9C25-4AD894E4734F}.Release|Any CPU.Build.0 = Release|Any CPU
		{D37308D2-A771-42A2-9C25-4AD894E4734F}.Release|x64.ActiveCfg = Release|x64
		{D37308D2-A771-42A2-9C25-4AD894E4734F}.Release|x64.Build.0 = Release|x64
		{EC0F2EA9-0C23-4D32-9D39-2EC4EA387AEF}.Debug|Any CPU.ActiveCfg = Debug|Any CPU
		{EC0F2EA9-0C23-4D32-9D39-2EC4EA387AEF}.Debug|Any CPU.Build.0 = Debug|Any CPU
		{EC0F2EA9-0C23-4D32-9D39-2EC4EA387AEF}.Debug|x64.ActiveCfg = Debug|x64
		{EC0F2EA9-0C23-4D32-9D39-2EC4EA387AEF}.Debug|x64.Build.0 = Debug|x64
		{EC0F2EA9-0C23-4D32-9D39-2EC4EA387AEF}.Release|Any CPU.ActiveCfg = Release|Any CPU
		{EC0F2EA9-0C23-4D32-9D39-2EC4EA387AEF}.Release|Any CPU.Build.0 = Release|Any CPU
		{EC0F2EA9-0C23-4D32-9D39-2EC4EA387AEF}.Release|x64.ActiveCfg = Release|x64
		{EC0F2EA9-0C23-4D32-9D39-2EC4EA387AEF}.Release|x64.Build.0 = Release|x64
		{F286E5AE-D398-4C13-914E-5891E84EA276}.Debug|Any CPU.ActiveCfg = Debug|Any CPU
		{F286E5AE-D398-4C13-914E-5891E84EA276}.Debug|Any CPU.Build.0 = Debug|Any CPU
		{F286E5AE-D398-4C13-914E-5891E84EA276}.Debug|x64.ActiveCfg = Debug|x64
		{F286E5AE-D398-4C13-914E-5891E84EA276}.Debug|x64.Build.0 = Debug|x64
		{F286E5AE-D398-4C13-914E-5891E84EA276}.Release|Any CPU.ActiveCfg = Release|Any CPU
		{F286E5AE-D398-4C13-914E-5891E84EA276}.Release|Any CPU.Build.0 = Release|Any CPU
		{F286E5AE-D398-4C13-914E-5891E84EA276}.Release|x64.ActiveCfg = Release|x64
		{F286E5AE-D398-4C13-914E-5891E84EA276}.Release|x64.Build.0 = Release|x64
	EndGlobalSection
	GlobalSection(SolutionProperties) = preSolution
		HideSolutionNode = FALSE
	EndGlobalSection
EndGlobal
